// !$*UTF8*$!
{
	archiveVersion = 1;
	classes = {
	};
	objectVersion = 71;
	objects = {

/* Begin PBXBuildFile section */
		9A0000010000000000000001 /* FeedLabelCheckApp.swift in Sources */ = {isa = PBXBuildFile; fileRef = 9A0000010000000000000011 /* FeedLabelCheckApp.swift */; };
		9A0000010000000000000002 /* ContentView.swift in Sources */ = {isa = PBXBuildFile; fileRef = 9A0000010000000000000012 /* ContentView.swift */; };
		9A0000010000000000000003 /* Models/Additive.swift in Sources */ = {isa = PBXBuildFile; fileRef = 9A0000010000000000000013 /* Models/Additive.swift */; };
		9A0000010000000000000004 /* Services/AdditiveStore.swift in Sources */ = {isa = PBXBuildFile; fileRef = 9A0000010000000000000014 /* Services/AdditiveStore.swift */; };
		9A0000010000000000000005 /* Services/EvaluationService.swift in Sources */ = {isa = PBXBuildFile; fileRef = 9A0000010000000000000015 /* Services/EvaluationService.swift */; };
		9A0000010000000000000006 /* Views/SingleCheckView.swift in Sources */ = {isa = PBXBuildFile; fileRef = 9A0000010000000000000016 /* Views/SingleCheckView.swift */; };
		9A0000010000000000000007 /* Views/BatchCheckView.swift in Sources */ = {isa = PBXBuildFile; fileRef = 9A0000010000000000000017 /* Views/BatchCheckView.swift */; };
		9A0000010000000000000008 /* Resources/zusatzstoffe.json in Resources */ = {isa = PBXBuildFile; fileRef = 9A0000010000000000000018 /* Resources/zusatzstoffe.json */; };
		9A0000010000000000000033 /* Services/DataDownloadService.swift in Sources */ = {isa = PBXBuildFile; fileRef = 9A0000010000000000000036 /* Services/DataDownloadService.swift */; };
		9A0000010000000000000034 /* Services/SQLiteAdditiveRepository.swift in Sources */ = {isa = PBXBuildFile; fileRef = 9A0000010000000000000037 /* Services/SQLiteAdditiveRepository.swift */; };
		9A0000010000000000000035 /* Views/DataStatusView.swift in Sources */ = {isa = PBXBuildFile; fileRef = 9A0000010000000000000038 /* Views/DataStatusView.swift */; };
		9A0000010000000000000039 /* Views/SearchableSelectionField.swift in Sources */ = {isa = PBXBuildFile; fileRef = 9A0000010000000000000040 /* Views/SearchableSelectionField.swift */; };
		9A0000010000000000000041 /* Services/IngredientScanService.swift in Sources */ = {isa = PBXBuildFile; fileRef = 9A0000010000000000000043 /* Services/IngredientScanService.swift */; };
		9A0000010000000000000042 /* Views/IngredientScanView.swift in Sources */ = {isa = PBXBuildFile; fileRef = 9A0000010000000000000044 /* Views/IngredientScanView.swift */; };
		9A0000010000000000000045 /* Assets.xcassets in Resources */ = {isa = PBXBuildFile; fileRef = 9A0000010000000000000046 /* Assets.xcassets */; };
		9A0000010000000000000047 /* Models/LabelingRule.swift in Sources */ = {isa = PBXBuildFile; fileRef = 9A000001000000000000004F /* Models/LabelingRule.swift */; };
		9A0000010000000000000048 /* Services/SQLiteLabelingRuleRepository.swift in Sources */ = {isa = PBXBuildFile; fileRef = 9A0000010000000000000050 /* Services/SQLiteLabelingRuleRepository.swift */; };
		9A0000010000000000000049 /* Services/LabelingFeedTypeDetector.swift in Sources */ = {isa = PBXBuildFile; fileRef = 9A0000010000000000000051 /* Services/LabelingFeedTypeDetector.swift */; };
		9A000001000000000000004A /* Services/LabelingCheckService.swift in Sources */ = {isa = PBXBuildFile; fileRef = 9A0000010000000000000052 /* Services/LabelingCheckService.swift */; };
		9A000001000000000000004B /* Services/LabelingRuleStore.swift in Sources */ = {isa = PBXBuildFile; fileRef = 9A0000010000000000000053 /* Services/LabelingRuleStore.swift */; };
		9A000001000000000000004C /* Views/LabelingCheckView.swift in Sources */ = {isa = PBXBuildFile; fileRef = 9A0000010000000000000054 /* Views/LabelingCheckView.swift */; };
		9A000001000000000000004D /* Views/LabelingResultView.swift in Sources */ = {isa = PBXBuildFile; fileRef = 9A0000010000000000000055 /* Views/LabelingResultView.swift */; };
		9A000001000000000000004E /* Resources/labeling.sqlite in Resources */ = {isa = PBXBuildFile; fileRef = 9A0000010000000000000056 /* Resources/labeling.sqlite */; };
		9A0000010000000000000057 /* Services/ScanHistorySettings.swift in Sources */ = {isa = PBXBuildFile; fileRef = 9A000001000000000000005D /* Services/ScanHistorySettings.swift */; };
		9A0000010000000000000058 /* Services/ScanHistoryStorageStats.swift in Sources */ = {isa = PBXBuildFile; fileRef = 9A000001000000000000005E /* Services/ScanHistoryStorageStats.swift */; };
		9A0000010000000000000059 /* Services/ScanHistoryCleanupPolicy.swift in Sources */ = {isa = PBXBuildFile; fileRef = 9A000001000000000000005F /* Services/ScanHistoryCleanupPolicy.swift */; };
		9A000001000000000000005A /* Services/ScanHistoryImageStore.swift in Sources */ = {isa = PBXBuildFile; fileRef = 9A0000010000000000000060 /* Services/ScanHistoryImageStore.swift */; };
		9A000001000000000000005B /* Services/ScanHistoryCleanupService.swift in Sources */ = {isa = PBXBuildFile; fileRef = 9A0000010000000000000061 /* Services/ScanHistoryCleanupService.swift */; };
		9A000001000000000000005C /* Views/ScanHistoryViews.swift in Sources */ = {isa = PBXBuildFile; fileRef = 9A0000010000000000000062 /* Views/ScanHistoryViews.swift */; };
		9A0000010000000000000063 /* ScanHistoryCleanupTests.swift in Sources */ = {isa = PBXBuildFile; fileRef = 9A0000010000000000000064 /* ScanHistoryCleanupTests.swift */; };
		9A0000010000000000000080 /* ScanArchitectureTests.swift in Sources */ = {isa = PBXBuildFile; fileRef = 9A0000010000000000000081 /* ScanArchitectureTests.swift */; };
		9A0000010000000000000070 /* Models/OCRModels.swift in Sources */ = {isa = PBXBuildFile; fileRef = 9A0000010000000000000074 /* Models/OCRModels.swift */; };
		9A0000010000000000000071 /* Services/MultiImageOCRSession.swift in Sources */ = {isa = PBXBuildFile; fileRef = 9A0000010000000000000075 /* Services/MultiImageOCRSession.swift */; };
		9A0000010000000000000072 /* Services/OCRDocumentAssembler.swift in Sources */ = {isa = PBXBuildFile; fileRef = 9A0000010000000000000076 /* Services/OCRDocumentAssembler.swift */; };
		9A0000010000000000000073 /* Services/LabelCoverageAnalyzer.swift in Sources */ = {isa = PBXBuildFile; fileRef = 9A0000010000000000000077 /* Services/LabelCoverageAnalyzer.swift */; };
		9A0000010000000000000078 /* Models/AdditiveDeclaration.swift in Sources */ = {isa = PBXBuildFile; fileRef = 9A000001000000000000007A /* Models/AdditiveDeclaration.swift */; };
		9A0000010000000000000079 /* Services/AdditiveDeclarationParser.swift in Sources */ = {isa = PBXBuildFile; fileRef = 9A000001000000000000007B /* Services/AdditiveDeclarationParser.swift */; };
		9A000001000000000000007C /* Models/ScanAnalysisResult.swift in Sources */ = {isa = PBXBuildFile; fileRef = 9A000001000000000000007E /* Models/ScanAnalysisResult.swift */; };
		9A000001000000000000007D /* Services/ScanAnalysisService.swift in Sources */ = {isa = PBXBuildFile; fileRef = 9A000001000000000000007F /* Services/ScanAnalysisService.swift */; };
		9A0000010000000000000082 /* Services/StorageMigration.swift in Sources */ = {isa = PBXBuildFile; fileRef = 9A0000010000000000000083 /* Services/StorageMigration.swift */; };
		9A0000010000000000000084 /* Models/LabelingControlSession.swift in Sources */ = {isa = PBXBuildFile; fileRef = 9A0000010000000000000085 /* Models/LabelingControlSession.swift */; };
		9A0000010000000000000086 /* Services/LabelingRequirementSuggestionService.swift in Sources */ = {isa = PBXBuildFile; fileRef = 9A0000010000000000000087 /* Services/LabelingRequirementSuggestionService.swift */; };
		9A0000010000000000000088 /* Services/LabelingControlComparisonService.swift in Sources */ = {isa = PBXBuildFile; fileRef = 9A0000010000000000000089 /* Services/LabelingControlComparisonService.swift */; };
		9A000001000000000000008A /* LabelingControlTests.swift in Sources */ = {isa = PBXBuildFile; fileRef = 9A000001000000000000008B /* LabelingControlTests.swift */; };
		9A000001000000000000008C /* Models/FeedMaterial.swift in Sources */ = {isa = PBXBuildFile; fileRef = 9A000001000000000000008D /* Models/FeedMaterial.swift */; };
		9A0000010000000000000090 /* Models/DlgFeedMaterial.swift in Sources */ = {isa = PBXBuildFile; fileRef = 9A0000010000000000000091 /* Models/DlgFeedMaterial.swift */; };
		9A000001000000000000008E /* Services/FeedMaterialLookupService.swift in Sources */ = {isa = PBXBuildFile; fileRef = 9A000001000000000000008F /* Services/FeedMaterialLookupService.swift */; };
		9A0000010000000000000092 /* Services/DlgLabelingParser.swift in Sources */ = {isa = PBXBuildFile; fileRef = 9A0000010000000000000093 /* Services/DlgLabelingParser.swift */; };
		9A0000010000000000000094 /* Services/DlgLabelingCheckService.swift in Sources */ = {isa = PBXBuildFile; fileRef = 9A0000010000000000000095 /* Services/DlgLabelingCheckService.swift */; };
		9A0000010000000000000096 /* Services/AppUpdateCoordinator.swift in Sources */ = {isa = PBXBuildFile; fileRef = 9A0000010000000000000097 /* Services/AppUpdateCoordinator.swift */; };
		9A0000010000000000000098 /* Views/ViewExtensions.swift in Sources */ = {isa = PBXBuildFile; fileRef = 9A0000010000000000000099 /* Views/ViewExtensions.swift */; };
/* End PBXBuildFile section */

/* Begin PBXContainerItemProxy section */
		9A000001000000000000006E /* PBXContainerItemProxy */ = {
			isa = PBXContainerItemProxy;
			containerPortal = 9A0000010000000000000027 /* Project object */;
			proxyType = 1;
			remoteGlobalIDString = 9A0000010000000000000023;
			remoteInfo = FeedLabelCheck;
		};
/* End PBXContainerItemProxy section */

/* Begin PBXFileReference section */
		9A0000010000000000000009 /* FeedLabelCheck.app */ = {isa = PBXFileReference; explicitFileType = wrapper.application; includeInIndex = 0; path = FeedLabelCheck.app; sourceTree = BUILT_PRODUCTS_DIR; };
		9A0000010000000000000065 /* FeedLabelCheckTests.xctest */ = {isa = PBXFileReference; explicitFileType = wrapper.cfbundle; includeInIndex = 0; path = FeedLabelCheckTests.xctest; sourceTree = BUILT_PRODUCTS_DIR; };
		9A0000010000000000000011 /* FeedLabelCheckApp.swift */ = {isa = PBXFileReference; lastKnownFileType = sourcecode.swift; path = FeedLabelCheckApp.swift; sourceTree = "<group>"; };
		9A0000010000000000000012 /* ContentView.swift */ = {isa = PBXFileReference; lastKnownFileType = sourcecode.swift; path = ContentView.swift; sourceTree = "<group>"; };
		9A0000010000000000000013 /* Models/Additive.swift */ = {isa = PBXFileReference; lastKnownFileType = sourcecode.swift; path = Models/Additive.swift; sourceTree = "<group>"; };
		9A0000010000000000000014 /* Services/AdditiveStore.swift */ = {isa = PBXFileReference; lastKnownFileType = sourcecode.swift; path = Services/AdditiveStore.swift; sourceTree = "<group>"; };
		9A0000010000000000000015 /* Services/EvaluationService.swift */ = {isa = PBXFileReference; lastKnownFileType = sourcecode.swift; path = Services/EvaluationService.swift; sourceTree = "<group>"; };
		9A0000010000000000000016 /* Views/SingleCheckView.swift */ = {isa = PBXFileReference; lastKnownFileType = sourcecode.swift; path = Views/SingleCheckView.swift; sourceTree = "<group>"; };
		9A0000010000000000000017 /* Views/BatchCheckView.swift */ = {isa = PBXFileReference; lastKnownFileType = sourcecode.swift; path = Views/BatchCheckView.swift; sourceTree = "<group>"; };
		9A0000010000000000000018 /* Resources/zusatzstoffe.json */ = {isa = PBXFileReference; lastKnownFileType = text.json; path = Resources/zusatzstoffe.json; sourceTree = "<group>"; };
		9A0000010000000000000036 /* Services/DataDownloadService.swift */ = {isa = PBXFileReference; lastKnownFileType = sourcecode.swift; path = Services/DataDownloadService.swift; sourceTree = "<group>"; };
		9A0000010000000000000037 /* Services/SQLiteAdditiveRepository.swift */ = {isa = PBXFileReference; lastKnownFileType = sourcecode.swift; path = Services/SQLiteAdditiveRepository.swift; sourceTree = "<group>"; };
		9A0000010000000000000038 /* Views/DataStatusView.swift */ = {isa = PBXFileReference; lastKnownFileType = sourcecode.swift; path = Views/DataStatusView.swift; sourceTree = "<group>"; };
		9A0000010000000000000040 /* Views/SearchableSelectionField.swift */ = {isa = PBXFileReference; lastKnownFileType = sourcecode.swift; path = Views/SearchableSelectionField.swift; sourceTree = "<group>"; };
		9A0000010000000000000043 /* Services/IngredientScanService.swift */ = {isa = PBXFileReference; lastKnownFileType = sourcecode.swift; path = Services/IngredientScanService.swift; sourceTree = "<group>"; };
		9A0000010000000000000044 /* Views/IngredientScanView.swift */ = {isa = PBXFileReference; lastKnownFileType = sourcecode.swift; path = Views/IngredientScanView.swift; sourceTree = "<group>"; };
		9A0000010000000000000046 /* Assets.xcassets */ = {isa = PBXFileReference; lastKnownFileType = folder.assetcatalog; path = Assets.xcassets; sourceTree = "<group>"; };
		9A000001000000000000004F /* Models/LabelingRule.swift */ = {isa = PBXFileReference; lastKnownFileType = sourcecode.swift; path = Models/LabelingRule.swift; sourceTree = "<group>"; };
		9A0000010000000000000050 /* Services/SQLiteLabelingRuleRepository.swift */ = {isa = PBXFileReference; lastKnownFileType = sourcecode.swift; path = Services/SQLiteLabelingRuleRepository.swift; sourceTree = "<group>"; };
		9A0000010000000000000051 /* Services/LabelingFeedTypeDetector.swift */ = {isa = PBXFileReference; lastKnownFileType = sourcecode.swift; path = Services/LabelingFeedTypeDetector.swift; sourceTree = "<group>"; };
		9A0000010000000000000052 /* Services/LabelingCheckService.swift */ = {isa = PBXFileReference; lastKnownFileType = sourcecode.swift; path = Services/LabelingCheckService.swift; sourceTree = "<group>"; };
		9A0000010000000000000053 /* Services/LabelingRuleStore.swift */ = {isa = PBXFileReference; lastKnownFileType = sourcecode.swift; path = Services/LabelingRuleStore.swift; sourceTree = "<group>"; };
		9A0000010000000000000054 /* Views/LabelingCheckView.swift */ = {isa = PBXFileReference; lastKnownFileType = sourcecode.swift; path = Views/LabelingCheckView.swift; sourceTree = "<group>"; };
		9A0000010000000000000055 /* Views/LabelingResultView.swift */ = {isa = PBXFileReference; lastKnownFileType = sourcecode.swift; path = Views/LabelingResultView.swift; sourceTree = "<group>"; };
		9A0000010000000000000056 /* Resources/labeling.sqlite */ = {isa = PBXFileReference; lastKnownFileType = file; path = Resources/labeling.sqlite; sourceTree = "<group>"; };
		9A000001000000000000005D /* Services/ScanHistorySettings.swift */ = {isa = PBXFileReference; lastKnownFileType = sourcecode.swift; path = Services/ScanHistorySettings.swift; sourceTree = "<group>"; };
		9A000001000000000000005E /* Services/ScanHistoryStorageStats.swift */ = {isa = PBXFileReference; lastKnownFileType = sourcecode.swift; path = Services/ScanHistoryStorageStats.swift; sourceTree = "<group>"; };
		9A000001000000000000005F /* Services/ScanHistoryCleanupPolicy.swift */ = {isa = PBXFileReference; lastKnownFileType = sourcecode.swift; path = Services/ScanHistoryCleanupPolicy.swift; sourceTree = "<group>"; };
		9A0000010000000000000060 /* Services/ScanHistoryImageStore.swift */ = {isa = PBXFileReference; lastKnownFileType = sourcecode.swift; path = Services/ScanHistoryImageStore.swift; sourceTree = "<group>"; };
		9A0000010000000000000061 /* Services/ScanHistoryCleanupService.swift */ = {isa = PBXFileReference; lastKnownFileType = sourcecode.swift; path = Services/ScanHistoryCleanupService.swift; sourceTree = "<group>"; };
		9A0000010000000000000062 /* Views/ScanHistoryViews.swift */ = {isa = PBXFileReference; lastKnownFileType = sourcecode.swift; path = Views/ScanHistoryViews.swift; sourceTree = "<group>"; };
		9A0000010000000000000064 /* ScanHistoryCleanupTests.swift */ = {isa = PBXFileReference; lastKnownFileType = sourcecode.swift; path = ScanHistoryCleanupTests.swift; sourceTree = "<group>"; };
		9A0000010000000000000081 /* ScanArchitectureTests.swift */ = {isa = PBXFileReference; lastKnownFileType = sourcecode.swift; path = ScanArchitectureTests.swift; sourceTree = "<group>"; };
		9A0000010000000000000074 /* Models/OCRModels.swift */ = {isa = PBXFileReference; lastKnownFileType = sourcecode.swift; path = Models/OCRModels.swift; sourceTree = "<group>"; };
		9A0000010000000000000075 /* Services/MultiImageOCRSession.swift */ = {isa = PBXFileReference; lastKnownFileType = sourcecode.swift; path = Services/MultiImageOCRSession.swift; sourceTree = "<group>"; };
		9A0000010000000000000076 /* Services/OCRDocumentAssembler.swift */ = {isa = PBXFileReference; lastKnownFileType = sourcecode.swift; path = Services/OCRDocumentAssembler.swift; sourceTree = "<group>"; };
		9A0000010000000000000077 /* Services/LabelCoverageAnalyzer.swift */ = {isa = PBXFileReference; lastKnownFileType = sourcecode.swift; path = Services/LabelCoverageAnalyzer.swift; sourceTree = "<group>"; };
		9A000001000000000000007A /* Models/AdditiveDeclaration.swift */ = {isa = PBXFileReference; lastKnownFileType = sourcecode.swift; path = Models/AdditiveDeclaration.swift; sourceTree = "<group>"; };
		9A000001000000000000007B /* Services/AdditiveDeclarationParser.swift */ = {isa = PBXFileReference; lastKnownFileType = sourcecode.swift; path = Services/AdditiveDeclarationParser.swift; sourceTree = "<group>"; };
		9A000001000000000000007E /* Models/ScanAnalysisResult.swift */ = {isa = PBXFileReference; lastKnownFileType = sourcecode.swift; path = Models/ScanAnalysisResult.swift; sourceTree = "<group>"; };
		9A000001000000000000007F /* Services/ScanAnalysisService.swift */ = {isa = PBXFileReference; lastKnownFileType = sourcecode.swift; path = Services/ScanAnalysisService.swift; sourceTree = "<group>"; };
		9A0000010000000000000083 /* Services/StorageMigration.swift */ = {isa = PBXFileReference; lastKnownFileType = sourcecode.swift; path = Services/StorageMigration.swift; sourceTree = "<group>"; };
		9A0000010000000000000085 /* Models/LabelingControlSession.swift */ = {isa = PBXFileReference; lastKnownFileType = sourcecode.swift; path = Models/LabelingControlSession.swift; sourceTree = "<group>"; };
		9A0000010000000000000087 /* Services/LabelingRequirementSuggestionService.swift */ = {isa = PBXFileReference; lastKnownFileType = sourcecode.swift; path = Services/LabelingRequirementSuggestionService.swift; sourceTree = "<group>"; };
		9A0000010000000000000089 /* Services/LabelingControlComparisonService.swift */ = {isa = PBXFileReference; lastKnownFileType = sourcecode.swift; path = Services/LabelingControlComparisonService.swift; sourceTree = "<group>"; };
		9A000001000000000000008B /* LabelingControlTests.swift */ = {isa = PBXFileReference; lastKnownFileType = sourcecode.swift; path = LabelingControlTests.swift; sourceTree = "<group>"; };
		9A000001000000000000008D /* Models/FeedMaterial.swift */ = {isa = PBXFileReference; lastKnownFileType = sourcecode.swift; path = Models/FeedMaterial.swift; sourceTree = "<group>"; };
		9A0000010000000000000091 /* Models/DlgFeedMaterial.swift */ = {isa = PBXFileReference; lastKnownFileType = sourcecode.swift; path = Models/DlgFeedMaterial.swift; sourceTree = "<group>"; };
		9A000001000000000000008F /* Services/FeedMaterialLookupService.swift */ = {isa = PBXFileReference; lastKnownFileType = sourcecode.swift; path = Services/FeedMaterialLookupService.swift; sourceTree = "<group>"; };
		9A0000010000000000000093 /* Services/DlgLabelingParser.swift */ = {isa = PBXFileReference; lastKnownFileType = sourcecode.swift; path = Services/DlgLabelingParser.swift; sourceTree = "<group>"; };
		9A0000010000000000000095 /* Services/DlgLabelingCheckService.swift */ = {isa = PBXFileReference; lastKnownFileType = sourcecode.swift; path = Services/DlgLabelingCheckService.swift; sourceTree = "<group>"; };
		9A0000010000000000000097 /* Services/AppUpdateCoordinator.swift */ = {isa = PBXFileReference; lastKnownFileType = sourcecode.swift; path = Services/AppUpdateCoordinator.swift; sourceTree = "<group>"; };
		9A0000010000000000000099 /* Views/ViewExtensions.swift */ = {isa = PBXFileReference; lastKnownFileType = sourcecode.swift; path = Views/ViewExtensions.swift; sourceTree = "<group>"; };
/* End PBXFileReference section */

/* Begin PBXFrameworksBuildPhase section */
		9A0000010000000000000019 /* Frameworks */ = {
			isa = PBXFrameworksBuildPhase;
			buildActionMask = 2147483647;
			files = (
			);
			runOnlyForDeploymentPostprocessing = 0;
		};
		9A0000010000000000000067 /* Frameworks */ = {
			isa = PBXFrameworksBuildPhase;
			buildActionMask = 2147483647;
			files = (
			);
			runOnlyForDeploymentPostprocessing = 0;
		};
/* End PBXFrameworksBuildPhase section */

/* Begin PBXGroup section */
		9A0000010000000000000020 = {
			isa = PBXGroup;
			children = (
				9A0000010000000000000021 /* FeedLabelCheck */,
				9A000001000000000000006F /* FeedLabelCheckTests */,
				9A0000010000000000000022 /* Products */,
			);
			sourceTree = "<group>";
		};
		9A000001000000000000006F /* FeedLabelCheckTests */ = {
			isa = PBXGroup;
			children = (
				9A0000010000000000000064 /* ScanHistoryCleanupTests.swift */,
				9A0000010000000000000081 /* ScanArchitectureTests.swift */,
				9A000001000000000000008B /* LabelingControlTests.swift */,
			);
			path = FeedLabelCheckTests;
			sourceTree = "<group>";
		};
		9A0000010000000000000021 /* FeedLabelCheck */ = {
			isa = PBXGroup;
			children = (
				9A0000010000000000000011 /* FeedLabelCheckApp.swift */,
				9A0000010000000000000012 /* ContentView.swift */,
				9A0000010000000000000013 /* Models/Additive.swift */,
				9A0000010000000000000014 /* Services/AdditiveStore.swift */,
				9A0000010000000000000036 /* Services/DataDownloadService.swift */,
				9A0000010000000000000015 /* Services/EvaluationService.swift */,
				9A0000010000000000000043 /* Services/IngredientScanService.swift */,
				9A0000010000000000000037 /* Services/SQLiteAdditiveRepository.swift */,
				9A0000010000000000000016 /* Views/SingleCheckView.swift */,
				9A0000010000000000000017 /* Views/BatchCheckView.swift */,
				9A0000010000000000000038 /* Views/DataStatusView.swift */,
				9A0000010000000000000044 /* Views/IngredientScanView.swift */,
				9A0000010000000000000040 /* Views/SearchableSelectionField.swift */,
				9A0000010000000000000018 /* Resources/zusatzstoffe.json */,
				9A0000010000000000000056 /* Resources/labeling.sqlite */,
				9A0000010000000000000046 /* Assets.xcassets */,
				9A000001000000000000004F /* Models/LabelingRule.swift */,
				9A0000010000000000000050 /* Services/SQLiteLabelingRuleRepository.swift */,
				9A0000010000000000000051 /* Services/LabelingFeedTypeDetector.swift */,
				9A0000010000000000000052 /* Services/LabelingCheckService.swift */,
				9A0000010000000000000053 /* Services/LabelingRuleStore.swift */,
				9A000001000000000000005D /* Services/ScanHistorySettings.swift */,
				9A000001000000000000005E /* Services/ScanHistoryStorageStats.swift */,
				9A000001000000000000005F /* Services/ScanHistoryCleanupPolicy.swift */,
				9A0000010000000000000060 /* Services/ScanHistoryImageStore.swift */,
				9A0000010000000000000061 /* Services/ScanHistoryCleanupService.swift */,
				9A0000010000000000000054 /* Views/LabelingCheckView.swift */,
				9A0000010000000000000055 /* Views/LabelingResultView.swift */,
				9A0000010000000000000062 /* Views/ScanHistoryViews.swift */,
				9A0000010000000000000099 /* Views/ViewExtensions.swift */,
				9A0000010000000000000074 /* Models/OCRModels.swift */,
				9A0000010000000000000075 /* Services/MultiImageOCRSession.swift */,
				9A0000010000000000000076 /* Services/OCRDocumentAssembler.swift */,
				9A0000010000000000000077 /* Services/LabelCoverageAnalyzer.swift */,
				9A000001000000000000007A /* Models/AdditiveDeclaration.swift */,
				9A000001000000000000007B /* Services/AdditiveDeclarationParser.swift */,
				9A000001000000000000007E /* Models/ScanAnalysisResult.swift */,
				9A000001000000000000007F /* Services/ScanAnalysisService.swift */,
				9A0000010000000000000083 /* Services/StorageMigration.swift */,
				9A0000010000000000000085 /* Models/LabelingControlSession.swift */,
				9A0000010000000000000087 /* Services/LabelingRequirementSuggestionService.swift */,
				9A0000010000000000000089 /* Services/LabelingControlComparisonService.swift */,
				9A000001000000000000008D /* Models/FeedMaterial.swift */,
				9A0000010000000000000091 /* Models/DlgFeedMaterial.swift */,
				9A000001000000000000008F /* Services/FeedMaterialLookupService.swift */,
				9A0000010000000000000093 /* Services/DlgLabelingParser.swift */,
				9A0000010000000000000095 /* Services/DlgLabelingCheckService.swift */,
				9A0000010000000000000097 /* Services/AppUpdateCoordinator.swift */,
			);
			path = FeedLabelCheck;
			sourceTree = "<group>";
		};
		9A0000010000000000000022 /* Products */ = {
			isa = PBXGroup;
			children = (
				9A0000010000000000000009 /* FeedLabelCheck.app */,
				9A0000010000000000000065 /* FeedLabelCheckTests.xctest */,
			);
			name = Products;
			sourceTree = "<group>";
		};
/* End PBXGroup section */

/* Begin PBXNativeTarget section */
		9A0000010000000000000023 /* FeedLabelCheck */ = {
			isa = PBXNativeTarget;
			buildConfigurationList = 9A0000010000000000000024 /* Build configuration list for PBXNativeTarget "FeedLabelCheck" */;
			buildPhases = (
				9A0000010000000000000025 /* Sources */,
				9A0000010000000000000019 /* Frameworks */,
				9A0000010000000000000026 /* Resources */,
			);
			buildRules = (
			);
			dependencies = (
			);
			name = FeedLabelCheck;
			productName = FeedLabelCheck;
			productReference = 9A0000010000000000000009 /* FeedLabelCheck.app */;
			productType = "com.apple.product-type.application";
		};
		9A0000010000000000000069 /* FeedLabelCheckTests */ = {
			isa = PBXNativeTarget;
			buildConfigurationList = 9A000001000000000000006C /* Build configuration list for PBXNativeTarget "FeedLabelCheckTests" */;
			buildPhases = (
				9A0000010000000000000066 /* Sources */,
				9A0000010000000000000067 /* Frameworks */,
				9A0000010000000000000068 /* Resources */,
			);
			buildRules = (
			);
			dependencies = (
				9A000001000000000000006D /* PBXTargetDependency */,
			);
			name = FeedLabelCheckTests;
			productName = FeedLabelCheckTests;
			productReference = 9A0000010000000000000065 /* FeedLabelCheckTests.xctest */;
			productType = "com.apple.product-type.bundle.unit-test";
		};
/* End PBXNativeTarget section */

/* Begin PBXProject section */
		9A0000010000000000000027 /* Project object */ = {
			isa = PBXProject;
			attributes = {
				BuildIndependentTargetsInParallel = 1;
				LastSwiftUpdateCheck = 2640;
				LastUpgradeCheck = 2640;
				TargetAttributes = {
					9A0000010000000000000023 = {
						CreatedOnToolsVersion = 26.4.1;
					};
					9A0000010000000000000069 = {
						CreatedOnToolsVersion = 26.4.1;
						TestTargetID = 9A0000010000000000000023;
					};
				};
			};
			buildConfigurationList = 9A0000010000000000000028 /* Build configuration list for PBXProject "FeedLabelCheck" */;
			compatibilityVersion = "Xcode 16.0";
			developmentRegion = de;
			hasScannedForEncodings = 0;
			knownRegions = (
				de,
				en,
				Base,
			);
			mainGroup = 9A0000010000000000000020;
			minimizedProjectReferenceProxies = 1;
			productRefGroup = 9A0000010000000000000022 /* Products */;
			projectDirPath = "";
			projectRoot = "";
			targets = (
				9A0000010000000000000023 /* FeedLabelCheck */,
				9A0000010000000000000069 /* FeedLabelCheckTests */,
			);
		};
/* End PBXProject section */

/* Begin PBXResourcesBuildPhase section */
		9A0000010000000000000026 /* Resources */ = {
			isa = PBXResourcesBuildPhase;
			buildActionMask = 2147483647;
			files = (
				9A0000010000000000000008 /* Resources/zusatzstoffe.json in Resources */,
				9A000001000000000000004E /* Resources/labeling.sqlite in Resources */,
				9A0000010000000000000045 /* Assets.xcassets in Resources */,
			);
			runOnlyForDeploymentPostprocessing = 0;
		};
		9A0000010000000000000068 /* Resources */ = {
			isa = PBXResourcesBuildPhase;
			buildActionMask = 2147483647;
			files = (
			);
			runOnlyForDeploymentPostprocessing = 0;
		};
/* End PBXResourcesBuildPhase section */

/* Begin PBXSourcesBuildPhase section */
		9A0000010000000000000025 /* Sources */ = {
			isa = PBXSourcesBuildPhase;
			buildActionMask = 2147483647;
			files = (
				9A0000010000000000000001 /* FeedLabelCheckApp.swift in Sources */,
				9A0000010000000000000002 /* ContentView.swift in Sources */,
				9A0000010000000000000003 /* Models/Additive.swift in Sources */,
				9A0000010000000000000004 /* Services/AdditiveStore.swift in Sources */,
				9A0000010000000000000033 /* Services/DataDownloadService.swift in Sources */,
				9A0000010000000000000005 /* Services/EvaluationService.swift in Sources */,
				9A0000010000000000000034 /* Services/SQLiteAdditiveRepository.swift in Sources */,
				9A0000010000000000000006 /* Views/SingleCheckView.swift in Sources */,
				9A0000010000000000000007 /* Views/BatchCheckView.swift in Sources */,
				9A0000010000000000000035 /* Views/DataStatusView.swift in Sources */,
				9A0000010000000000000041 /* Services/IngredientScanService.swift in Sources */,
				9A0000010000000000000042 /* Views/IngredientScanView.swift in Sources */,
				9A0000010000000000000039 /* Views/SearchableSelectionField.swift in Sources */,
				9A0000010000000000000047 /* Models/LabelingRule.swift in Sources */,
				9A0000010000000000000048 /* Services/SQLiteLabelingRuleRepository.swift in Sources */,
				9A0000010000000000000049 /* Services/LabelingFeedTypeDetector.swift in Sources */,
				9A000001000000000000004A /* Services/LabelingCheckService.swift in Sources */,
				9A000001000000000000004B /* Services/LabelingRuleStore.swift in Sources */,
				9A000001000000000000004C /* Views/LabelingCheckView.swift in Sources */,
				9A000001000000000000004D /* Views/LabelingResultView.swift in Sources */,
				9A0000010000000000000057 /* Services/ScanHistorySettings.swift in Sources */,
				9A0000010000000000000058 /* Services/ScanHistoryStorageStats.swift in Sources */,
				9A0000010000000000000059 /* Services/ScanHistoryCleanupPolicy.swift in Sources */,
				9A000001000000000000005A /* Services/ScanHistoryImageStore.swift in Sources */,
				9A000001000000000000005B /* Services/ScanHistoryCleanupService.swift in Sources */,
				9A000001000000000000005C /* Views/ScanHistoryViews.swift in Sources */,
				9A0000010000000000000098 /* Views/ViewExtensions.swift in Sources */,
				9A0000010000000000000070 /* Models/OCRModels.swift in Sources */,
				9A0000010000000000000071 /* Services/MultiImageOCRSession.swift in Sources */,
				9A0000010000000000000072 /* Services/OCRDocumentAssembler.swift in Sources */,
				9A0000010000000000000073 /* Services/LabelCoverageAnalyzer.swift in Sources */,
				9A0000010000000000000078 /* Models/AdditiveDeclaration.swift in Sources */,
				9A0000010000000000000079 /* Services/AdditiveDeclarationParser.swift in Sources */,
				9A000001000000000000007C /* Models/ScanAnalysisResult.swift in Sources */,
				9A000001000000000000007D /* Services/ScanAnalysisService.swift in Sources */,
				9A0000010000000000000082 /* Services/StorageMigration.swift in Sources */,
				9A0000010000000000000084 /* Models/LabelingControlSession.swift in Sources */,
				9A0000010000000000000086 /* Services/LabelingRequirementSuggestionService.swift in Sources */,
				9A0000010000000000000088 /* Services/LabelingControlComparisonService.swift in Sources */,
				9A000001000000000000008C /* Models/FeedMaterial.swift in Sources */,
				9A0000010000000000000090 /* Models/DlgFeedMaterial.swift in Sources */,
				9A000001000000000000008E /* Services/FeedMaterialLookupService.swift in Sources */,
				9A0000010000000000000092 /* Services/DlgLabelingParser.swift in Sources */,
				9A0000010000000000000094 /* Services/DlgLabelingCheckService.swift in Sources */,
				9A0000010000000000000096 /* Services/AppUpdateCoordinator.swift in Sources */,
			);
			runOnlyForDeploymentPostprocessing = 0;
		};
		9A0000010000000000000066 /* Sources */ = {
			isa = PBXSourcesBuildPhase;
			buildActionMask = 2147483647;
			files = (
				9A0000010000000000000063 /* ScanHistoryCleanupTests.swift in Sources */,
				9A0000010000000000000080 /* ScanArchitectureTests.swift in Sources */,
				9A000001000000000000008A /* LabelingControlTests.swift in Sources */,
			);
			runOnlyForDeploymentPostprocessing = 0;
		};
/* End PBXSourcesBuildPhase section */

/* Begin PBXTargetDependency section */
		9A000001000000000000006D /* PBXTargetDependency */ = {
			isa = PBXTargetDependency;
			target = 9A0000010000000000000023 /* FeedLabelCheck */;
			targetProxy = 9A000001000000000000006E /* PBXContainerItemProxy */;
		};
/* End PBXTargetDependency section */

/* Begin XCBuildConfiguration section */
		9A0000010000000000000029 /* Debug */ = {
			isa = XCBuildConfiguration;
			buildSettings = {
				ALWAYS_SEARCH_USER_PATHS = NO;
				CLANG_ANALYZER_NONNULL = YES;
				CLANG_ANALYZER_NUMBER_OBJECT_CONVERSION = YES_AGGRESSIVE;
				CLANG_CXX_LANGUAGE_STANDARD = "gnu++20";
				CLANG_ENABLE_MODULES = YES;
				CLANG_ENABLE_OBJC_ARC = YES;
				CLANG_ENABLE_OBJC_WEAK = YES;
				CLANG_WARN_BLOCK_CAPTURE_AUTORELEASING = YES;
				CLANG_WARN_BOOL_CONVERSION = YES;
				CLANG_WARN_COMMA = YES;
				CLANG_WARN_CONSTANT_CONVERSION = YES;
				CLANG_WARN_DEPRECATED_OBJC_IMPLEMENTATIONS = YES;
				CLANG_WARN_DIRECT_OBJC_ISA_USAGE = YES_ERROR;
				CLANG_WARN_DOCUMENTATION_COMMENTS = YES;
				CLANG_WARN_EMPTY_BODY = YES;
				CLANG_WARN_ENUM_CONVERSION = YES;
				CLANG_WARN_INFINITE_RECURSION = YES;
				CLANG_WARN_INT_CONVERSION = YES;
				CLANG_WARN_NON_LITERAL_NULL_CONVERSION = YES;
				CLANG_WARN_OBJC_IMPLICIT_RETAIN_SELF = YES;
				CLANG_WARN_OBJC_LITERAL_CONVERSION = YES;
				CLANG_WARN_OBJC_ROOT_CLASS = YES_ERROR;
				CLANG_WARN_QUOTED_INCLUDE_IN_FRAMEWORK_HEADER = YES;
				CLANG_WARN_RANGE_LOOP_ANALYSIS = YES;
				CLANG_WARN_STRICT_PROTOTYPES = YES;
				CLANG_WARN_SUSPICIOUS_MOVE = YES;
				CLANG_WARN_UNGUARDED_AVAILABILITY = YES_AGGRESSIVE;
				CLANG_WARN_UNREACHABLE_CODE = YES;
				CLANG_WARN__DUPLICATE_METHOD_MATCH = YES;
				COPY_PHASE_STRIP = NO;
				DEBUG_INFORMATION_FORMAT = dwarf;
				ENABLE_STRICT_OBJC_MSGSEND = YES;
				ENABLE_TESTABILITY = YES;
				ENABLE_USER_SCRIPT_SANDBOXING = YES;
				GCC_C_LANGUAGE_STANDARD = gnu17;
				GCC_DYNAMIC_NO_PIC = NO;
				GCC_NO_COMMON_BLOCKS = YES;
				GCC_OPTIMIZATION_LEVEL = 0;
				GCC_PREPROCESSOR_DEFINITIONS = (
					"DEBUG=1",
					"$(inherited)",
				);
				GCC_WARN_64_TO_32_BIT_CONVERSION = YES;
				GCC_WARN_ABOUT_RETURN_TYPE = YES_ERROR;
				GCC_WARN_UNDECLARED_SELECTOR = YES;
				GCC_WARN_UNINITIALIZED_AUTOS = YES_AGGRESSIVE;
				GCC_WARN_UNUSED_FUNCTION = YES;
				GCC_WARN_UNUSED_VARIABLE = YES;
				IPHONEOS_DEPLOYMENT_TARGET = 18.0;
				LOCALIZATION_PREFERS_STRING_CATALOGS = YES;
				MTL_ENABLE_DEBUG_INFO = INCLUDE_SOURCE;
				MTL_FAST_MATH = YES;
				ONLY_ACTIVE_ARCH = YES;
				SDKROOT = iphoneos;
				SWIFT_ACTIVE_COMPILATION_CONDITIONS = DEBUG;
				SWIFT_OPTIMIZATION_LEVEL = "-Onone";
			};
			name = Debug;
		};
		9A0000010000000000000030 /* Release */ = {
			isa = XCBuildConfiguration;
			buildSettings = {
				ALWAYS_SEARCH_USER_PATHS = NO;
				CLANG_ANALYZER_NONNULL = YES;
				CLANG_ANALYZER_NUMBER_OBJECT_CONVERSION = YES_AGGRESSIVE;
				CLANG_CXX_LANGUAGE_STANDARD = "gnu++20";
				CLANG_ENABLE_MODULES = YES;
				CLANG_ENABLE_OBJC_ARC = YES;
				CLANG_ENABLE_OBJC_WEAK = YES;
				CLANG_WARN_BLOCK_CAPTURE_AUTORELEASING = YES;
				CLANG_WARN_BOOL_CONVERSION = YES;
				CLANG_WARN_COMMA = YES;
				CLANG_WARN_CONSTANT_CONVERSION = YES;
				CLANG_WARN_DEPRECATED_OBJC_IMPLEMENTATIONS = YES;
				CLANG_WARN_DIRECT_OBJC_ISA_USAGE = YES_ERROR;
				CLANG_WARN_DOCUMENTATION_COMMENTS = YES;
				CLANG_WARN_EMPTY_BODY = YES;
				CLANG_WARN_ENUM_CONVERSION = YES;
				CLANG_WARN_INFINITE_RECURSION = YES;
				CLANG_WARN_INT_CONVERSION = YES;
				CLANG_WARN_NON_LITERAL_NULL_CONVERSION = YES;
				CLANG_WARN_OBJC_IMPLICIT_RETAIN_SELF = YES;
				CLANG_WARN_OBJC_LITERAL_CONVERSION = YES;
				CLANG_WARN_OBJC_ROOT_CLASS = YES_ERROR;
				CLANG_WARN_QUOTED_INCLUDE_IN_FRAMEWORK_HEADER = YES;
				CLANG_WARN_RANGE_LOOP_ANALYSIS = YES;
				CLANG_WARN_STRICT_PROTOTYPES = YES;
				CLANG_WARN_SUSPICIOUS_MOVE = YES;
				CLANG_WARN_UNGUARDED_AVAILABILITY = YES_AGGRESSIVE;
				CLANG_WARN_UNREACHABLE_CODE = YES;
				CLANG_WARN__DUPLICATE_METHOD_MATCH = YES;
				COPY_PHASE_STRIP = NO;
				DEBUG_INFORMATION_FORMAT = "dwarf-with-dsym";
				ENABLE_NS_ASSERTIONS = NO;
				ENABLE_STRICT_OBJC_MSGSEND = YES;
				ENABLE_USER_SCRIPT_SANDBOXING = YES;
				GCC_C_LANGUAGE_STANDARD = gnu17;
				GCC_NO_COMMON_BLOCKS = YES;
				GCC_WARN_64_TO_32_BIT_CONVERSION = YES;
				GCC_WARN_ABOUT_RETURN_TYPE = YES_ERROR;
				GCC_WARN_UNDECLARED_SELECTOR = YES;
				GCC_WARN_UNINITIALIZED_AUTOS = YES_AGGRESSIVE;
				GCC_WARN_UNUSED_FUNCTION = YES;
				GCC_WARN_UNUSED_VARIABLE = YES;
				IPHONEOS_DEPLOYMENT_TARGET = 18.0;
				LOCALIZATION_PREFERS_STRING_CATALOGS = YES;
				MTL_ENABLE_DEBUG_INFO = NO;
				MTL_FAST_MATH = YES;
				SDKROOT = iphoneos;
				SWIFT_COMPILATION_MODE = wholemodule;
				VALIDATE_PRODUCT = YES;
			};
			name = Release;
		};
		9A0000010000000000000031 /* Debug */ = {
			isa = XCBuildConfiguration;
			buildSettings = {
				ASSETCATALOG_COMPILER_APPICON_NAME = AppIcon;
				CODE_SIGN_STYLE = Automatic;
				CURRENT_PROJECT_VERSION = 1;
				DEVELOPMENT_TEAM = JENQ6BW7HF;
				GENERATE_INFOPLIST_FILE = YES;
				INFOPLIST_KEY_CFBundleDisplayName = "FeedLabel Check";
				INFOPLIST_KEY_LSApplicationCategoryType = "public.app-category.medical";
				INFOPLIST_KEY_NSCameraUsageDescription = "FeedLabel Check nutzt die Kamera, um Inhaltsstofflisten auf Etiketten zu lesen.";
				INFOPLIST_KEY_NSPhotoLibraryUsageDescription = "FeedLabel Check nutzt ausgewählte Bilder, um Inhaltsstofflisten auf Etiketten zu lesen.";
				INFOPLIST_KEY_UIApplicationSceneManifest_Generation = YES;
				INFOPLIST_KEY_UIApplicationSupportsIndirectInputEvents = YES;
				INFOPLIST_KEY_UILaunchScreen_Generation = YES;
				INFOPLIST_KEY_UISupportedInterfaceOrientations_iPad = "UIInterfaceOrientationPortrait UIInterfaceOrientationLandscapeLeft UIInterfaceOrientationLandscapeRight";
				INFOPLIST_KEY_UISupportedInterfaceOrientations_iPhone = UIInterfaceOrientationPortrait;
				IPHONEOS_DEPLOYMENT_TARGET = 18.0;
				LD_RUNPATH_SEARCH_PATHS = (
					"$(inherited)",
					"@executable_path/Frameworks",
				);
				MARKETING_VERSION = 0.1.0;
				OTHER_LDFLAGS = "-lsqlite3";
				PRODUCT_BUNDLE_IDENTIFIER = com.lightblue.feedlabelcheck;
				PRODUCT_NAME = "$(TARGET_NAME)";
				SWIFT_EMIT_LOC_STRINGS = YES;
				SWIFT_VERSION = 5.0;
				TARGETED_DEVICE_FAMILY = "1,2";
			};
			name = Debug;
		};
		9A0000010000000000000032 /* Release */ = {
			isa = XCBuildConfiguration;
			buildSettings = {
				ASSETCATALOG_COMPILER_APPICON_NAME = AppIcon;
				CODE_SIGN_STYLE = Automatic;
				CURRENT_PROJECT_VERSION = 1;
				DEVELOPMENT_TEAM = JENQ6BW7HF;
				GENERATE_INFOPLIST_FILE = YES;
				INFOPLIST_KEY_CFBundleDisplayName = "FeedLabel Check";
				INFOPLIST_KEY_LSApplicationCategoryType = "public.app-category.medical";
				INFOPLIST_KEY_NSCameraUsageDescription = "FeedLabel Check nutzt die Kamera, um Inhaltsstofflisten auf Etiketten zu lesen.";
				INFOPLIST_KEY_NSPhotoLibraryUsageDescription = "FeedLabel Check nutzt ausgewählte Bilder, um Inhaltsstofflisten auf Etiketten zu lesen.";
				INFOPLIST_KEY_UIApplicationSceneManifest_Generation = YES;
				INFOPLIST_KEY_UIApplicationSupportsIndirectInputEvents = YES;
				INFOPLIST_KEY_UILaunchScreen_Generation = YES;
				INFOPLIST_KEY_UISupportedInterfaceOrientations_iPad = "UIInterfaceOrientationPortrait UIInterfaceOrientationLandscapeLeft UIInterfaceOrientationLandscapeRight";
				INFOPLIST_KEY_UISupportedInterfaceOrientations_iPhone = UIInterfaceOrientationPortrait;
				IPHONEOS_DEPLOYMENT_TARGET = 18.0;
				LD_RUNPATH_SEARCH_PATHS = (
					"$(inherited)",
					"@executable_path/Frameworks",
				);
				MARKETING_VERSION = 0.1.0;
				OTHER_LDFLAGS = "-lsqlite3";
				PRODUCT_BUNDLE_IDENTIFIER = com.lightblue.feedlabelcheck;
				PRODUCT_NAME = "$(TARGET_NAME)";
				SWIFT_EMIT_LOC_STRINGS = YES;
				SWIFT_VERSION = 5.0;
				TARGETED_DEVICE_FAMILY = "1,2";
			};
			name = Release;
		};
		9A000001000000000000006A /* Debug */ = {
			isa = XCBuildConfiguration;
			buildSettings = {
				BUNDLE_LOADER = "$(TEST_HOST)";
				CODE_SIGN_STYLE = Automatic;
				CURRENT_PROJECT_VERSION = 1;
				DEVELOPMENT_TEAM = JENQ6BW7HF;
				GENERATE_INFOPLIST_FILE = YES;
				IPHONEOS_DEPLOYMENT_TARGET = 18.0;
				LD_RUNPATH_SEARCH_PATHS = (
					"$(inherited)",
					"@executable_path/Frameworks",
					"@loader_path/Frameworks",
				);
				PRODUCT_BUNDLE_IDENTIFIER = com.lightblue.feedlabelcheck.tests;
				PRODUCT_NAME = "$(TARGET_NAME)";
				SWIFT_VERSION = 5.0;
				TARGETED_DEVICE_FAMILY = "1,2";
				TEST_HOST = "$(BUILT_PRODUCTS_DIR)/FeedLabelCheck.app/$(BUNDLE_EXECUTABLE_FOLDER_PATH)/FeedLabelCheck";
				WRAPPER_EXTENSION = xctest;
			};
			name = Debug;
		};
		9A000001000000000000006B /* Release */ = {
			isa = XCBuildConfiguration;
			buildSettings = {
				BUNDLE_LOADER = "$(TEST_HOST)";
				CODE_SIGN_STYLE = Automatic;
				CURRENT_PROJECT_VERSION = 1;
				DEVELOPMENT_TEAM = JENQ6BW7HF;
				GENERATE_INFOPLIST_FILE = YES;
				IPHONEOS_DEPLOYMENT_TARGET = 18.0;
				LD_RUNPATH_SEARCH_PATHS = (
					"$(inherited)",
					"@executable_path/Frameworks",
					"@loader_path/Frameworks",
				);
				PRODUCT_BUNDLE_IDENTIFIER = com.lightblue.feedlabelcheck.tests;
				PRODUCT_NAME = "$(TARGET_NAME)";
				SWIFT_VERSION = 5.0;
				TARGETED_DEVICE_FAMILY = "1,2";
				TEST_HOST = "$(BUILT_PRODUCTS_DIR)/FeedLabelCheck.app/$(BUNDLE_EXECUTABLE_FOLDER_PATH)/FeedLabelCheck";
				WRAPPER_EXTENSION = xctest;
			};
			name = Release;
		};
/* End XCBuildConfiguration section */

/* Begin XCConfigurationList section */
		9A0000010000000000000024 /* Build configuration list for PBXNativeTarget "FeedLabelCheck" */ = {
			isa = XCConfigurationList;
			buildConfigurations = (
				9A0000010000000000000031 /* Debug */,
				9A0000010000000000000032 /* Release */,
			);
			defaultConfigurationIsVisible = 0;
			defaultConfigurationName = Release;
		};
		9A0000010000000000000028 /* Build configuration list for PBXProject "FeedLabelCheck" */ = {
			isa = XCConfigurationList;
			buildConfigurations = (
				9A0000010000000000000029 /* Debug */,
				9A0000010000000000000030 /* Release */,
			);
			defaultConfigurationIsVisible = 0;
			defaultConfigurationName = Release;
		};
		9A000001000000000000006C /* Build configuration list for PBXNativeTarget "FeedLabelCheckTests" */ = {
			isa = XCConfigurationList;
			buildConfigurations = (
				9A000001000000000000006A /* Debug */,
				9A000001000000000000006B /* Release */,
			);
			defaultConfigurationIsVisible = 0;
			defaultConfigurationName = Release;
		};
/* End XCConfigurationList section */
	};
	rootObject = 9A0000010000000000000027 /* Project object */;
}
